
Microsoft Visual Studio Solution File, Format Version 12.00
# Visual Studio 15
VisualStudioVersion = 15.0.26430.12
MinimumVisualStudioVersion = 10.0.40219.1
Project("{8BC9CEB8-8B4A-11D0-8D11-00A0C91BC942}") = "Domki", "Domki\Domki.vcxproj", "{F45B812D-B8C1-4931-AB22-A8AC650CF562}"
EndProject
Project("{8BC9CEB8-8B4A-11D0-8D11-00A0C91BC942}") = "MultiSerwer", "MultiSerwer\Serwer.vcxproj", "{315AF451-80C1-47DC-BA55-AEC9C2407E34}"
EndProject
Project("{8BC9CEB8-8B4A-11D0-8D11-00A0C91BC942}") = "Testowanie", "Testowanie\Testowanie.vcxproj", "{B60FD275-083E-43CF-9024-2ADF8D5109BD}"
EndProject
Project("{8BC9CEB8-8B4A-11D0-8D11-00A0C91BC942}") = "DomkoTesty", "DomkoTesty\DomkoTesty.vcxproj", "{6B157FCC-8162-4905-91C3-15AB7C20A52F}"
EndProject
Project("{930C7802-8A8C-48F9-8165-68863BCCD9DD}") = "_InstalkaMM", "_InstalkaMM\_InstalkaMM.wixproj", "{7D8E3FE4-1A15-45C8-8D3E-228E47D1DBC0}"
EndProject
Project("{930C7802-8A8C-48F9-8165-68863BCCD9DD}") = "_Instalka", "_Instalka\_Instalka.wixproj", "{DD15C5F7-73CE-4E13-BF5C-19659806C567}"
EndProject
Global
	GlobalSection(SolutionConfigurationPlatforms) = preSolution
		Debug|x64 = Debug|x64
		Deploy|x64 = Deploy|x64
		Release|x64 = Release|x64
		ReleaseWindow|x64 = ReleaseWindow|x64
	EndGlobalSection
	GlobalSection(ProjectConfigurationPlatforms) = postSolution
		{F45B812D-B8C1-4931-AB22-A8AC650CF562}.Debug|x64.ActiveCfg = Debug|x64
		{F45B812D-B8C1-4931-AB22-A8AC650CF562}.Debug|x64.Build.0 = Debug|x64
		{F45B812D-B8C1-4931-AB22-A8AC650CF562}.Deploy|x64.ActiveCfg = Release|x64
		{F45B812D-B8C1-4931-AB22-A8AC650CF562}.Deploy|x64.Build.0 = Release|x64
		{F45B812D-B8C1-4931-AB22-A8AC650CF562}.Release|x64.ActiveCfg = Release|x64
		{F45B812D-B8C1-4931-AB22-A8AC650CF562}.Release|x64.Build.0 = Release|x64
		{F45B812D-B8C1-4931-AB22-A8AC650CF562}.ReleaseWindow|x64.ActiveCfg = ReleaseWindow|x64
		{F45B812D-B8C1-4931-AB22-A8AC650CF562}.ReleaseWindow|x64.Build.0 = ReleaseWindow|x64
		{315AF451-80C1-47DC-BA55-AEC9C2407E34}.Debug|x64.ActiveCfg = Debug|x64
		{315AF451-80C1-47DC-BA55-AEC9C2407E34}.Debug|x64.Build.0 = Debug|x64
		{315AF451-80C1-47DC-BA55-AEC9C2407E34}.Deploy|x64.ActiveCfg = Release|x64
		{315AF451-80C1-47DC-BA55-AEC9C2407E34}.Deploy|x64.Build.0 = Release|x64
		{315AF451-80C1-47DC-BA55-AEC9C2407E34}.Release|x64.ActiveCfg = Release|x64
		{315AF451-80C1-47DC-BA55-AEC9C2407E34}.Release|x64.Build.0 = Release|x64
		{315AF451-80C1-47DC-BA55-AEC9C2407E34}.ReleaseWindow|x64.ActiveCfg = ReleaseWindow|x64
		{315AF451-80C1-47DC-BA55-AEC9C2407E34}.ReleaseWindow|x64.Build.0 = ReleaseWindow|x64
		{B60FD275-083E-43CF-9024-2ADF8D5109BD}.Debug|x64.ActiveCfg = Debug|x64
		{B60FD275-083E-43CF-9024-2ADF8D5109BD}.Debug|x64.Build.0 = Debug|x64
		{B60FD275-083E-43CF-9024-2ADF8D5109BD}.Deploy|x64.ActiveCfg = Release|x64
		{B60FD275-083E-43CF-9024-2ADF8D5109BD}.Release|x64.ActiveCfg = Release|x64
		{B60FD275-083E-43CF-9024-2ADF8D5109BD}.Release|x64.Build.0 = Release|x64
		{B60FD275-083E-43CF-9024-2ADF8D5109BD}.ReleaseWindow|x64.ActiveCfg = ReleaseWindow|x64
		{B60FD275-083E-43CF-9024-2ADF8D5109BD}.ReleaseWindow|x64.Build.0 = ReleaseWindow|x64
		{6B157FCC-8162-4905-91C3-15AB7C20A52F}.Debug|x64.ActiveCfg = Debug|x64
		{6B157FCC-8162-4905-91C3-15AB7C20A52F}.Debug|x64.Build.0 = Debug|x64
		{6B157FCC-8162-4905-91C3-15AB7C20A52F}.Deploy|x64.ActiveCfg = Release|x64
		{6B157FCC-8162-4905-91C3-15AB7C20A52F}.Release|x64.ActiveCfg = Release|x64
		{6B157FCC-8162-4905-91C3-15AB7C20A52F}.Release|x64.Build.0 = Release|x64
		{6B157FCC-8162-4905-91C3-15AB7C20A52F}.ReleaseWindow|x64.ActiveCfg = ReleaseWindow|x64
		{6B157FCC-8162-4905-91C3-15AB7C20A52F}.ReleaseWindow|x64.Build.0 = ReleaseWindow|x64
		{7D8E3FE4-1A15-45C8-8D3E-228E47D1DBC0}.Debug|x64.ActiveCfg = Debug|x64
		{7D8E3FE4-1A15-45C8-8D3E-228E47D1DBC0}.Debug|x64.Build.0 = Debug|x64
		{7D8E3FE4-1A15-45C8-8D3E-228E47D1DBC0}.Deploy|x64.ActiveCfg = Debug|x64
		{7D8E3FE4-1A15-45C8-8D3E-228E47D1DBC0}.Deploy|x64.Build.0 = Debug|x64
		{7D8E3FE4-1A15-45C8-8D3E-228E47D1DBC0}.Release|x64.ActiveCfg = Release|x64
		{7D8E3FE4-1A15-45C8-8D3E-228E47D1DBC0}.Release|x64.Build.0 = Release|x64
		{7D8E3FE4-1A15-45C8-8D3E-228E47D1DBC0}.ReleaseWindow|x64.ActiveCfg = Release|x64
		{7D8E3FE4-1A15-45C8-8D3E-228E47D1DBC0}.ReleaseWindow|x64.Build.0 = Release|x64
		{DD15C5F7-73CE-4E13-BF5C-19659806C567}.Debug|x64.ActiveCfg = Debug|x64
		{DD15C5F7-73CE-4E13-BF5C-19659806C567}.Debug|x64.Build.0 = Debug|x64
		{DD15C5F7-73CE-4E13-BF5C-19659806C567}.Deploy|x64.ActiveCfg = Deploy|x64
		{DD15C5F7-73CE-4E13-BF5C-19659806C567}.Deploy|x64.Build.0 = Deploy|x64
		{DD15C5F7-73CE-4E13-BF5C-19659806C567}.Release|x64.ActiveCfg = Release|x64
		{DD15C5F7-73CE-4E13-BF5C-19659806C567}.Release|x64.Build.0 = Release|x64
		{DD15C5F7-73CE-4E13-BF5C-19659806C567}.ReleaseWindow|x64.ActiveCfg = Release|x64
		{DD15C5F7-73CE-4E13-BF5C-19659806C567}.ReleaseWindow|x64.Build.0 = Release|x64
	EndGlobalSection
	GlobalSection(SolutionProperties) = preSolution
		HideSolutionNode = FALSE
	EndGlobalSection
	GlobalSection(ExtensibilityGlobals) = postSolution
		SolutionGuid = {D0701617-D0D0-43B5-B3EC-2456C761BB0E}
	EndGlobalSection
EndGlobal
