<?xml version="1.0" encoding="utf-8"?>
<Project ToolsVersion="4.0" xmlns="http://schemas.microsoft.com/developer/msbuild/2003">
  <ItemGroup>
    <Filter Include="Source Files">
      <UniqueIdentifier>{4FC737F1-C7A5-4376-A066-2A32D752A2FF}</UniqueIdentifier>
      <Extensions>cpp;c;cc;cxx;def;odl;idl;hpj;bat;asm;asmx</Extensions>
    </Filter>
    <Filter Include="Header Files">
      <UniqueIdentifier>{93995380-89BD-4b04-88EB-625FBE52EBFB}</UniqueIdentifier>
      <Extensions>h;hh;hpp;hxx;hm;inl;inc;xsd</Extensions>
    </Filter>
    <Filter Include="Resource Files">
      <UniqueIdentifier>{67DA6AB6-F800-4c08-8B7A-83BB121AAD01}</UniqueIdentifier>
      <Extensions>rc;ico;cur;bmp;dlg;rc2;rct;bin;rgs;gif;jpg;jpeg;jpe;resx;tiff;tif;png;wav;mfcribbon-ms</Extensions>
    </Filter>
    <Filter Include="Source Files\Domki">
      <UniqueIdentifier>{4524af4c-eb78-4744-9cce-20234a3137a8}</UniqueIdentifier>
    </Filter>
    <Filter Include="Source Files\Multi">
      <UniqueIdentifier>{3a2d9baa-7d89-41eb-b02b-e8c543a6f7f7}</UniqueIdentifier>
    </Filter>
    <Filter Include="Header Files\Multi">
      <UniqueIdentifier>{926b08af-9a31-4ac8-9f6f-0bf5fe01a753}</UniqueIdentifier>
    </Filter>
  </ItemGroup>
  <ItemGroup>
    <ClCompile Include="main.cpp">
      <Filter>Source Files</Filter>
    </ClCompile>
    <ClCompile Include="..\Domki\Narzedzia\AnimatedSprite.cpp">
      <Filter>Source Files\Domki</Filter>
    </ClCompile>
    <ClCompile Include="..\Domki\Narzedzia\Animation.cpp">
      <Filter>Source Files\Domki</Filter>
    </ClCompile>
    <ClCompile Include="..\Domki\dzialacze.cpp">
      <Filter>Source Files\Domki</Filter>
    </ClCompile>
    <ClCompile Include="..\Domki\gui.cpp">
      <Filter>Source Files\Domki</Filter>
    </ClCompile>
    <ClCompile Include="..\Domki\misja.cpp">
      <Filter>Source Files\Domki</Filter>
    </ClCompile>
    <ClCompile Include="..\Domki\muzyka.cpp">
      <Filter>Source Files\Domki</Filter>
    </ClCompile>
    <ClCompile Include="..\Domki\os.cpp">
      <Filter>Source Files\Domki</Filter>
    </ClCompile>
    <ClCompile Include="..\Domki\rozgrywka.cpp">
      <Filter>Source Files\Domki</Filter>
    </ClCompile>
    <ClCompile Include="..\Domki\si.cpp">
      <Filter>Source Files\Domki</Filter>
    </ClCompile>
    <ClCompile Include="..\Domki\wyswietlacze.cpp">
      <Filter>Source Files\Domki</Filter>
    </ClCompile>
    <ClCompile Include="serwer_gry.cpp">
      <Filter>Source Files</Filter>
    </ClCompile>
    <ClCompile Include="serwer_klient.cpp">
      <Filter>Source Files</Filter>
    </ClCompile>
    <ClCompile Include="..\Domki\multi.cpp">
      <Filter>Source Files\Multi</Filter>
    </ClCompile>
    <ClCompile Include="..\Domki\multi_dzialacze.cpp">
      <Filter>Source Files\Multi</Filter>
    </ClCompile>
    <ClCompile Include="serwery.cpp">
      <Filter>Source Files</Filter>
    </ClCompile>
    <ClCompile Include="masterserwer.cpp">
      <Filter>Source Files</Filter>
    </ClCompile>
    <ClCompile Include="masterklient.cpp">
      <Filter>Source Files</Filter>
    </ClCompile>
  </ItemGroup>
  <ItemGroup>
    <ClInclude Include="serwery.h">
      <Filter>Header Files</Filter>
    </ClInclude>
    <ClInclude Include="..\Domki\multi.h">
      <Filter>Header Files\Multi</Filter>
    </ClInclude>
    <ClInclude Include="..\Domki\multi_dzialacze.h">
      <Filter>Header Files\Multi</Filter>
    </ClInclude>
    <ClInclude Include="mastery.h">
      <Filter>Header Files</Filter>
    </ClInclude>
  </ItemGroup>
  <ItemGroup>
    <CopyFileToFolders Include="..\Domki\MultiSerwer_log.conf">
      <Filter>Resource Files</Filter>
    </CopyFileToFolders>
  </ItemGroup>
</Project>